example.com/depa v1.0.0 h1:/c8z2HWht+leNLQcYQ6eoHzQdRprFERgy4Tkc6ww++A=
example.com/depa v1.0.0/go.mod h1:o3yzkhacMzeAf1LNNb34Er2gLcR26QyOXp7FKPHEf/o=
example.com/depb v1.0.0 h1:RuHBBg28Fe3aFhZcmZ2zqEgTFn0YDetJomJpIK/f50Y=
example.com/depb v1.0.0/go.mod h1:tmU/X8EMp65Tzo8LhHZMoRStY60XDcnoUqh+NROJAD0=
